
Microsoft Visual Studio Solution File, Format Version 12.00
# Visual Studio Version 16
VisualStudioVersion = 16.0.30128.74
MinimumVisualStudioVersion = 10.0.40219.1
Project("{8BC9CEB8-8B4A-11D0-8D11-00A0C91BC942}") = "Project2", "Project2\Project2.vcxproj", "{AF8A8F94-F20F-4CF5-B094-0E4B8BEC8164}"
EndProject
Global
	GlobalSection(SolutionConfigurationPlatforms) = preSolution
		Debug|x64 = Debug|x64
		Debug|x86 = Debug|x86
		Release|x64 = Release|x64
		Release|x86 = Release|x86
	EndGlobalSection
	GlobalSection(ProjectConfigurationPlatforms) = postSolution
		{AF8A8F94-F20F-4CF5-B094-0E4B8BEC8164}.Debug|x64.ActiveCfg = Debug|x64
		{AF8A8F94-F20F-4CF5-B094-0E4B8BEC8164}.Debug|x64.Build.0 = Debug|x64
		{AF8A8F94-F20F-4CF5-B094-0E4B8BEC8164}.Debug|x86.ActiveCfg = Debug|Win32
		{AF8A8F94-F20F-4CF5-B094-0E4B8BEC8164}.Debug|x86.Build.0 = Debug|Win32
		{AF8A8F94-F20F-4CF5-B094-0E4B8BEC8164}.Release|x64.ActiveCfg = Release|x64
		{AF8A8F94-F20F-4CF5-B094-0E4B8BEC8164}.Release|x64.Build.0 = Release|x64
		{AF8A8F94-F20F-4CF5-B094-0E4B8BEC8164}.Release|x86.ActiveCfg = Release|Win32
		{AF8A8F94-F20F-4CF5-B094-0E4B8BEC8164}.Release|x86.Build.0 = Release|Win32
	EndGlobalSection
	GlobalSection(SolutionProperties) = preSolution
		HideSolutionNode = FALSE
	EndGlobalSection
	GlobalSection(ExtensibilityGlobals) = postSolution
		SolutionGuid = {81C57F7E-B1F4-4E59-9036-AA9501F307E0}
	EndGlobalSection
EndGlobal
