
Microsoft Visual Studio Solution File, Format Version 12.00
# Visual Studio 15
VisualStudioVersion = 15.0.28307.902
MinimumVisualStudioVersion = 10.0.40219.1
Project("{8BC9CEB8-8B4A-11D0-8D11-00A0C91BC942}") = "Project777", "Project777\Project777.vcxproj", "{38E661DF-50AA-4FAD-A7BA-6CADB8EFA0ED}"
EndProject
Global
	GlobalSection(SolutionConfigurationPlatforms) = preSolution
		Debug|x64 = Debug|x64
		Debug|x86 = Debug|x86
		Release|x64 = Release|x64
		Release|x86 = Release|x86
	EndGlobalSection
	GlobalSection(ProjectConfigurationPlatforms) = postSolution
		{38E661DF-50AA-4FAD-A7BA-6CADB8EFA0ED}.Debug|x64.ActiveCfg = Debug|x64
		{38E661DF-50AA-4FAD-A7BA-6CADB8EFA0ED}.Debug|x64.Build.0 = Debug|x64
		{38E661DF-50AA-4FAD-A7BA-6CADB8EFA0ED}.Debug|x86.ActiveCfg = Debug|Win32
		{38E661DF-50AA-4FAD-A7BA-6CADB8EFA0ED}.Debug|x86.Build.0 = Debug|Win32
		{38E661DF-50AA-4FAD-A7BA-6CADB8EFA0ED}.Release|x64.ActiveCfg = Release|x64
		{38E661DF-50AA-4FAD-A7BA-6CADB8EFA0ED}.Release|x64.Build.0 = Release|x64
		{38E661DF-50AA-4FAD-A7BA-6CADB8EFA0ED}.Release|x86.ActiveCfg = Release|Win32
		{38E661DF-50AA-4FAD-A7BA-6CADB8EFA0ED}.Release|x86.Build.0 = Release|Win32
	EndGlobalSection
	GlobalSection(SolutionProperties) = preSolution
		HideSolutionNode = FALSE
	EndGlobalSection
	GlobalSection(ExtensibilityGlobals) = postSolution
		SolutionGuid = {D27C2E86-D0DE-4EC5-BCB4-FADF4866C224}
	EndGlobalSection
EndGlobal
