
Microsoft Visual Studio Solution File, Format Version 12.00
# Visual Studio Version 16
VisualStudioVersion = 16.0.30128.74
MinimumVisualStudioVersion = 10.0.40219.1
Project("{8BC9CEB8-8B4A-11D0-8D11-00A0C91BC942}") = "Project2", "Project2\Project2.vcxproj", "{42A86F18-125F-4743-9CDB-0EBDEB500EFF}"
EndProject
Global
	GlobalSection(SolutionConfigurationPlatforms) = preSolution
		Debug|x64 = Debug|x64
		Debug|x86 = Debug|x86
		Release|x64 = Release|x64
		Release|x86 = Release|x86
	EndGlobalSection
	GlobalSection(ProjectConfigurationPlatforms) = postSolution
		{42A86F18-125F-4743-9CDB-0EBDEB500EFF}.Debug|x64.ActiveCfg = Debug|x64
		{42A86F18-125F-4743-9CDB-0EBDEB500EFF}.Debug|x64.Build.0 = Debug|x64
		{42A86F18-125F-4743-9CDB-0EBDEB500EFF}.Debug|x86.ActiveCfg = Debug|Win32
		{42A86F18-125F-4743-9CDB-0EBDEB500EFF}.Debug|x86.Build.0 = Debug|Win32
		{42A86F18-125F-4743-9CDB-0EBDEB500EFF}.Release|x64.ActiveCfg = Release|x64
		{42A86F18-125F-4743-9CDB-0EBDEB500EFF}.Release|x64.Build.0 = Release|x64
		{42A86F18-125F-4743-9CDB-0EBDEB500EFF}.Release|x86.ActiveCfg = Release|Win32
		{42A86F18-125F-4743-9CDB-0EBDEB500EFF}.Release|x86.Build.0 = Release|Win32
	EndGlobalSection
	GlobalSection(SolutionProperties) = preSolution
		HideSolutionNode = FALSE
	EndGlobalSection
	GlobalSection(ExtensibilityGlobals) = postSolution
		SolutionGuid = {33E08686-657A-40E1-A4F4-EAEF671CB27A}
	EndGlobalSection
EndGlobal
